{
	"_OFProjectGeneratorVersion": "0.104.0",
	"objects": {
		"06517635-3BED-4D1E-A4AF-6E5B0C233F84": {
			"fileRef": "33E9FE4E-467C-4979-B571-1F0DFA60495C",
			"isa": "PBXBuildFile"
		},
		"0ED41463-C221-472E-BF16-8FA098157749": {
			"fileEncoding": "4",
			"isa": "PBXFileReference",
			"lastKnownFileType": "sourcecode.cpp.h",
			"name": "ofxUDPSettings.h",
			"sourceTree": "<group>"
		},
		"1644C149-6C02-4978-9DDE-ED44A3EBE505": {
			"fileEncoding": "4",
			"isa": "PBXFileReference",
			"lastKnownFileType": "sourcecode.cpp.h",
			"name": "ofxUDPManager.h",
			"sourceTree": "<group>"
		},
		"19E4BA9E-988A-43D1-A370-713634FEDCF5": {
			"fileEncoding": "4",
			"isa": "PBXFileReference",
			"lastKnownFileType": "sourcecode.cpp.h",
			"name": "ofxTCPSettings.h",
			"sourceTree": "<group>"
		},
		"1CBB6F18-4C59-4D8B-803F-A53B59AFF2F8": {
			"children": [
				"AAD75B84-1417-47F8-ABE3-D3A7208A4C69",
				"B2704EC1-F649-42BF-B259-F9C0F3C16B94"
			],
			"isa": "PBXGroup",
			"name": "src",
			"path": "src",
			"sourceTree": "<group>"
		},
		"33E9FE4E-467C-4979-B571-1F0DFA60495C": {
			"fileEncoding": "4",
			"isa": "PBXFileReference",
			"lastKnownFileType": "sourcecode.cpp.cpp",
			"name": "ofxNetworkUtils.cpp",
			"sourceTree": "<group>"
		},
		"36815713-1A72-48EB-B92E-D336994A4486": {
			"children": [
				"FB316500-2231-4A5F-A6F8-204A11386F0D",
				"33E9FE4E-467C-4979-B571-1F0DFA60495C",
				"C6A99B62-A531-4A06-A9D5-304F8F2A3849",
				"5A6E4908-DCDA-46B5-9AB9-9318EF6CDDFE",
				"71A70719-D19D-4932-B200-908D5446D036",
				"884FD5D8-4CAD-4E99-AE24-B3E3EA49388F",
				"BFC5EFBD-3715-4C12-86AF-5C6AC174E8C7",
				"6AB14CCE-098C-4E0E-AB83-F138E21DEF45",
				"56F29B16-90F6-4F37-BE12-E4CC3A872EFD",
				"19E4BA9E-988A-43D1-A370-713634FEDCF5",
				"B5BAE720-CDC3-488C-8408-5E6433AD4462",
				"1644C149-6C02-4978-9DDE-ED44A3EBE505",
				"0ED41463-C221-472E-BF16-8FA098157749"
			],
			"isa": "PBXGroup",
			"name": "src",
			"path": "src",
			"sourceTree": "<group>"
		},
		"4D1C4E70-D2F8-4123-B2A7-87A76F3EEAFC": {
			"fileRef": "6AB14CCE-098C-4E0E-AB83-F138E21DEF45",
			"isa": "PBXBuildFile"
		},
		"56F29B16-90F6-4F37-BE12-E4CC3A872EFD": {
			"fileEncoding": "4",
			"isa": "PBXFileReference",
			"lastKnownFileType": "sourcecode.cpp.h",
			"name": "ofxTCPServer.h",
			"sourceTree": "<group>"
		},
		"5A6E4908-DCDA-46B5-9AB9-9318EF6CDDFE": {
			"fileEncoding": "4",
			"isa": "PBXFileReference",
			"lastKnownFileType": "sourcecode.cpp.cpp",
			"name": "ofxTCPClient.cpp",
			"sourceTree": "<group>"
		},
		"6AB14CCE-098C-4E0E-AB83-F138E21DEF45": {
			"fileEncoding": "4",
			"isa": "PBXFileReference",
			"lastKnownFileType": "sourcecode.cpp.cpp",
			"name": "ofxTCPServer.cpp",
			"sourceTree": "<group>"
		},
		"71A70719-D19D-4932-B200-908D5446D036": {
			"fileEncoding": "4",
			"isa": "PBXFileReference",
			"lastKnownFileType": "sourcecode.cpp.h",
			"name": "ofxTCPClient.h",
			"sourceTree": "<group>"
		},
		"884FD5D8-4CAD-4E99-AE24-B3E3EA49388F": {
			"fileEncoding": "4",
			"isa": "PBXFileReference",
			"lastKnownFileType": "sourcecode.cpp.cpp",
			"name": "ofxTCPManager.cpp",
			"sourceTree": "<group>"
		},
		"95F578AA-49D2-484F-A06D-88D681633586": {
			"children": [
				"36815713-1A72-48EB-B92E-D336994A4486"
			],
			"isa": "PBXGroup",
			"name": "ofxNetwork",
			"path": "ofxNetwork",
			"sourceTree": "<group>"
		},
		"AA091CB6-8698-4018-B987-EDD5262F537B": {
			"fileRef": "AAD75B84-1417-47F8-ABE3-D3A7208A4C69",
			"isa": "PBXBuildFile"
		},
		"AAD75B84-1417-47F8-ABE3-D3A7208A4C69": {
			"fileEncoding": "4",
			"isa": "PBXFileReference",
			"lastKnownFileType": "sourcecode.cpp.cpp",
			"name": "ofxPJControl.cpp",
			"sourceTree": "<group>"
		},
		"B2704EC1-F649-42BF-B259-F9C0F3C16B94": {
			"fileEncoding": "4",
			"isa": "PBXFileReference",
			"lastKnownFileType": "sourcecode.cpp.h",
			"name": "ofxPJControl.h",
			"sourceTree": "<group>"
		},
		"B5BAE720-CDC3-488C-8408-5E6433AD4462": {
			"fileEncoding": "4",
			"isa": "PBXFileReference",
			"lastKnownFileType": "sourcecode.cpp.cpp",
			"name": "ofxUDPManager.cpp",
			"sourceTree": "<group>"
		},
		"BB4B014C10F69532006C3DED": {
			"children": [
				"95F578AA-49D2-484F-A06D-88D681633586",
				"F1616718-4278-4D32-9000-082593AB941E"
			]
		},
		"BFC5EFBD-3715-4C12-86AF-5C6AC174E8C7": {
			"fileEncoding": "4",
			"isa": "PBXFileReference",
			"lastKnownFileType": "sourcecode.cpp.h",
			"name": "ofxTCPManager.h",
			"sourceTree": "<group>"
		},
		"C6A99B62-A531-4A06-A9D5-304F8F2A3849": {
			"fileEncoding": "4",
			"isa": "PBXFileReference",
			"lastKnownFileType": "sourcecode.cpp.h",
			"name": "ofxNetworkUtils.h",
			"sourceTree": "<group>"
		},
		"D74F6A66-9B2E-4D75-BE10-24E954F7308B": {
			"fileRef": "884FD5D8-4CAD-4E99-AE24-B3E3EA49388F",
			"isa": "PBXBuildFile"
		},
		"DBF2B151-5834-4F57-B8CF-8410207244E9": {
			"fileRef": "5A6E4908-DCDA-46B5-9AB9-9318EF6CDDFE",
			"isa": "PBXBuildFile"
		},
		"E4B69B4A0A3A1720003C02F2": {
			"children": [
				"E4D286D9-9CCA-4AA7-A49E-2F13AA025789"
			]
		},
		"E4B69B580A3A1756003C02F2": {
			"files": [
				"06517635-3BED-4D1E-A4AF-6E5B0C233F84",
				"DBF2B151-5834-4F57-B8CF-8410207244E9",
				"D74F6A66-9B2E-4D75-BE10-24E954F7308B",
				"4D1C4E70-D2F8-4123-B2A7-87A76F3EEAFC",
				"ED04094F-8A24-4A48-805A-71672D3F610E",
				"AA091CB6-8698-4018-B987-EDD5262F537B"
			]
		},
		"E4B69B5A0A3A1756003C02F2": {
			"name": "ofxPJControl_Example"
		},
		"E4B69B5B0A3A1756003C02F2": {
			"path": "ofxPJControl_ExampleDebug.app"
		},
		"E4B69B600A3A1757003C02F2": {
			"buildSettings": {
				"HEADER_SEARCH_PATHS": [
					"src",
					"../../ofxNetwork/src",
					"../src"
				]
			}
		},
		"E4B69B610A3A1757003C02F2": {
			"buildSettings": {
				"HEADER_SEARCH_PATHS": [
					"src",
					"../../ofxNetwork/src",
					"../src"
				]
			}
		},
		"E4D286D9-9CCA-4AA7-A49E-2F13AA025789": {
			"fileEncoding": "4",
			"isa": "PBXFileReference",
			"lastKnownFileType": "folder",
			"name": "data",
			"path": "bin/data",
			"sourceTree": "SOURCE_ROOT"
		},
		"ED04094F-8A24-4A48-805A-71672D3F610E": {
			"fileRef": "B5BAE720-CDC3-488C-8408-5E6433AD4462",
			"isa": "PBXBuildFile"
		},
		"F1616718-4278-4D32-9000-082593AB941E": {
			"children": [
				"1CBB6F18-4C59-4D8B-803F-A53B59AFF2F8"
			],
			"isa": "PBXGroup",
			"name": "ofxPJControl",
			"path": "ofxPJControl",
			"sourceTree": "<group>"
		},
		"FB316500-2231-4A5F-A6F8-204A11386F0D": {
			"fileEncoding": "4",
			"isa": "PBXFileReference",
			"lastKnownFileType": "sourcecode.cpp.h",
			"name": "ofxNetwork.h",
			"sourceTree": "<group>"
		}
	}
}